
Microsoft Visual Studio Solution File, Format Version 11.00
# Visual Studio 2010
Project("{FAE04EC0-301F-11D3-BF4B-00C04F79EFBC}") = "PublicHostGame", "PublicHostGame\PublicHostGame.csproj", "{A944FA6A-6B17-48CD-859D-8149ABFAA989}"
EndProject
Global
	GlobalSection(SolutionConfigurationPlatforms) = preSolution
		Debug|Any CPU = Debug|Any CPU
		Release|Any CPU = Release|Any CPU
	EndGlobalSection
	GlobalSection(ProjectConfigurationPlatforms) = postSolution
		{A944FA6A-6B17-48CD-859D-8149ABFAA989}.Debug|Any CPU.ActiveCfg = Debug|Any CPU
		{A944FA6A-6B17-48CD-859D-8149ABFAA989}.Debug|Any CPU.Build.0 = Debug|Any CPU
		{A944FA6A-6B17-48CD-859D-8149ABFAA989}.Release|Any CPU.ActiveCfg = Release|Any CPU
		{A944FA6A-6B17-48CD-859D-8149ABFAA989}.Release|Any CPU.Build.0 = Release|Any CPU
	EndGlobalSection
	GlobalSection(SolutionProperties) = preSolution
		HideSolutionNode = FALSE
	EndGlobalSection
EndGlobal
