
Microsoft Visual Studio Solution File, Format Version 11.00
# Visual Studio 2010
Project("{FAE04EC0-301F-11D3-BF4B-00C04F79EFBC}") = "WeaponVendors", "WeaponVendors\WeaponVendors.csproj", "{EAF9F99C-170A-4B3B-AC7A-C7CE5FDAF991}"
EndProject
Global
	GlobalSection(SolutionConfigurationPlatforms) = preSolution
		Debug|Any CPU = Debug|Any CPU
		Release|Any CPU = Release|Any CPU
	EndGlobalSection
	GlobalSection(ProjectConfigurationPlatforms) = postSolution
		{EAF9F99C-170A-4B3B-AC7A-C7CE5FDAF991}.Debug|Any CPU.ActiveCfg = Debug|Any CPU
		{EAF9F99C-170A-4B3B-AC7A-C7CE5FDAF991}.Debug|Any CPU.Build.0 = Debug|Any CPU
		{EAF9F99C-170A-4B3B-AC7A-C7CE5FDAF991}.Release|Any CPU.ActiveCfg = Release|Any CPU
		{EAF9F99C-170A-4B3B-AC7A-C7CE5FDAF991}.Release|Any CPU.Build.0 = Release|Any CPU
	EndGlobalSection
	GlobalSection(SolutionProperties) = preSolution
		HideSolutionNode = FALSE
	EndGlobalSection
EndGlobal
